
Microsoft Visual Studio Solution File, Format Version 12.00
# Visual Studio Version 16
VisualStudioVersion = 16.0.29001.49
MinimumVisualStudioVersion = 10.0.40219.1
Project("{FAE04EC0-301F-11D3-BF4B-00C04F79EFBC}") = "EmployeeRazorPagesTutorial", "EmployeeRazorPagesTutorial\EmployeeRazorPagesTutorial.csproj", "{E8F4756D-E363-4F92-B551-A293F259D007}"
EndProject
Project("{FAE04EC0-301F-11D3-BF4B-00C04F79EFBC}") = "RazorPagesTutorial.Models", "RazorPagesTutorial.Models\RazorPagesTutorial.Models.csproj", "{C365DA57-848E-4595-90E7-829BBE123BC0}"
EndProject
Project("{FAE04EC0-301F-11D3-BF4B-00C04F79EFBC}") = "RazorPagesTutorial.Services", "RazorPagesTutorial.Services\RazorPagesTutorial.Services.csproj", "{94A66F73-498F-4D05-A35C-0AEE0F645EB0}"
EndProject
Global
	GlobalSection(SolutionConfigurationPlatforms) = preSolution
		Debug|Any CPU = Debug|Any CPU
		Release|Any CPU = Release|Any CPU
	EndGlobalSection
	GlobalSection(ProjectConfigurationPlatforms) = postSolution
		{E8F4756D-E363-4F92-B551-A293F259D007}.Debug|Any CPU.ActiveCfg = Debug|Any CPU
		{E8F4756D-E363-4F92-B551-A293F259D007}.Debug|Any CPU.Build.0 = Debug|Any CPU
		{E8F4756D-E363-4F92-B551-A293F259D007}.Release|Any CPU.ActiveCfg = Release|Any CPU
		{E8F4756D-E363-4F92-B551-A293F259D007}.Release|Any CPU.Build.0 = Release|Any CPU
		{C365DA57-848E-4595-90E7-829BBE123BC0}.Debug|Any CPU.ActiveCfg = Debug|Any CPU
		{C365DA57-848E-4595-90E7-829BBE123BC0}.Debug|Any CPU.Build.0 = Debug|Any CPU
		{C365DA57-848E-4595-90E7-829BBE123BC0}.Release|Any CPU.ActiveCfg = Release|Any CPU
		{C365DA57-848E-4595-90E7-829BBE123BC0}.Release|Any CPU.Build.0 = Release|Any CPU
		{94A66F73-498F-4D05-A35C-0AEE0F645EB0}.Debug|Any CPU.ActiveCfg = Debug|Any CPU
		{94A66F73-498F-4D05-A35C-0AEE0F645EB0}.Debug|Any CPU.Build.0 = Debug|Any CPU
		{94A66F73-498F-4D05-A35C-0AEE0F645EB0}.Release|Any CPU.ActiveCfg = Release|Any CPU
		{94A66F73-498F-4D05-A35C-0AEE0F645EB0}.Release|Any CPU.Build.0 = Release|Any CPU
	EndGlobalSection
	GlobalSection(SolutionProperties) = preSolution
		HideSolutionNode = FALSE
	EndGlobalSection
	GlobalSection(ExtensibilityGlobals) = postSolution
		SolutionGuid = {34F6F441-EEBC-4937-BFDE-F7190272E5AD}
	EndGlobalSection
EndGlobal
